
Microsoft Visual Studio Solution File, Format Version 12.00
# Visual Studio 15
VisualStudioVersion = 15.0.26430.16
MinimumVisualStudioVersion = 10.0.40219.1
Project("{FAE04EC0-301F-11D3-BF4B-00C04F79EFBC}") = "ShopPrototype.web", "ShopPrototype.web\ShopPrototype.web.csproj", "{55B7E468-C75D-4D4B-8202-3BB3BC81C9EF}"
EndProject
Project("{FAE04EC0-301F-11D3-BF4B-00C04F79EFBC}") = "ShopPrototype.web.Tests", "ShopPrototype.web.Tests\ShopPrototype.web.Tests.csproj", "{AF7340B6-4D20-4C30-9ADC-C032589FA203}"
EndProject
Project("{FAE04EC0-301F-11D3-BF4B-00C04F79EFBC}") = "ShopPrototype.Data", "ClassLibrary1\ShopPrototype.Data.csproj", "{16A019A0-2472-43D1-B94A-FB852DF29BC5}"
EndProject
Global
	GlobalSection(SolutionConfigurationPlatforms) = preSolution
		Debug|Any CPU = Debug|Any CPU
		Release|Any CPU = Release|Any CPU
	EndGlobalSection
	GlobalSection(ProjectConfigurationPlatforms) = postSolution
		{55B7E468-C75D-4D4B-8202-3BB3BC81C9EF}.Debug|Any CPU.ActiveCfg = Debug|Any CPU
		{55B7E468-C75D-4D4B-8202-3BB3BC81C9EF}.Debug|Any CPU.Build.0 = Debug|Any CPU
		{55B7E468-C75D-4D4B-8202-3BB3BC81C9EF}.Release|Any CPU.ActiveCfg = Release|Any CPU
		{55B7E468-C75D-4D4B-8202-3BB3BC81C9EF}.Release|Any CPU.Build.0 = Release|Any CPU
		{AF7340B6-4D20-4C30-9ADC-C032589FA203}.Debug|Any CPU.ActiveCfg = Debug|Any CPU
		{AF7340B6-4D20-4C30-9ADC-C032589FA203}.Debug|Any CPU.Build.0 = Debug|Any CPU
		{AF7340B6-4D20-4C30-9ADC-C032589FA203}.Release|Any CPU.ActiveCfg = Release|Any CPU
		{AF7340B6-4D20-4C30-9ADC-C032589FA203}.Release|Any CPU.Build.0 = Release|Any CPU
		{16A019A0-2472-43D1-B94A-FB852DF29BC5}.Debug|Any CPU.ActiveCfg = Debug|Any CPU
		{16A019A0-2472-43D1-B94A-FB852DF29BC5}.Debug|Any CPU.Build.0 = Debug|Any CPU
		{16A019A0-2472-43D1-B94A-FB852DF29BC5}.Release|Any CPU.ActiveCfg = Release|Any CPU
		{16A019A0-2472-43D1-B94A-FB852DF29BC5}.Release|Any CPU.Build.0 = Release|Any CPU
	EndGlobalSection
	GlobalSection(SolutionProperties) = preSolution
		HideSolutionNode = FALSE
	EndGlobalSection
	GlobalSection(ExtensibilityGlobals) = postSolution
		SolutionGuid = {6E0A6F38-965A-4D94-BE6C-042B0AB647CC}
	EndGlobalSection
EndGlobal
